
Microsoft Visual Studio Solution File, Format Version 12.00
# Visual Studio Version 17
VisualStudioVersion = 17.7.34003.232
MinimumVisualStudioVersion = 10.0.40219.1
Project("{8BC9CEB8-8B4A-11D0-8D11-00A0C91BC942}") = "dark is false", "dark is false.vcxproj", "{913C5EFB-2101-43B0-856A-32397B489668}"
EndProject
Global
	GlobalSection(SolutionConfigurationPlatforms) = preSolution
		Debug|x64 = Debug|x64
		Debug|x86 = Debug|x86
		Release|x64 = Release|x64
		Release|x86 = Release|x86
	EndGlobalSection
	GlobalSection(ProjectConfigurationPlatforms) = postSolution
		{913C5EFB-2101-43B0-856A-32397B489668}.Debug|x64.ActiveCfg = Debug|x64
		{913C5EFB-2101-43B0-856A-32397B489668}.Debug|x64.Build.0 = Debug|x64
		{913C5EFB-2101-43B0-856A-32397B489668}.Debug|x86.ActiveCfg = Debug|Win32
		{913C5EFB-2101-43B0-856A-32397B489668}.Debug|x86.Build.0 = Debug|Win32
		{913C5EFB-2101-43B0-856A-32397B489668}.Release|x64.ActiveCfg = Release|x64
		{913C5EFB-2101-43B0-856A-32397B489668}.Release|x64.Build.0 = Release|x64
		{913C5EFB-2101-43B0-856A-32397B489668}.Release|x86.ActiveCfg = Release|Win32
		{913C5EFB-2101-43B0-856A-32397B489668}.Release|x86.Build.0 = Release|Win32
	EndGlobalSection
	GlobalSection(SolutionProperties) = preSolution
		HideSolutionNode = FALSE
	EndGlobalSection
	GlobalSection(ExtensibilityGlobals) = postSolution
		SolutionGuid = {79339A1A-8339-4332-B50D-FF7973FD73A4}
	EndGlobalSection
EndGlobal
